
Microsoft Visual Studio Solution File, Format Version 12.00
# Visual Studio Version 17
VisualStudioVersion = 17.0.32112.339
MinimumVisualStudioVersion = 10.0.40219.1
Project("{FAE04EC0-301F-11D3-BF4B-00C04F79EFBC}") = "RadioFreeEuropeAssignment", "RadioFreeEuropeAssignment\RadioFreeEuropeAssignment.csproj", "{26B6C7B7-745D-4F0F-B82D-2C3D7F985295}"
EndProject
Project("{FAE04EC0-301F-11D3-BF4B-00C04F79EFBC}") = "RadioTest", "RadioTest\RadioTest.csproj", "{B9BD0196-7FC7-4E57-B3B3-851B7A31A5ED}"
EndProject
Project("{FAE04EC0-301F-11D3-BF4B-00C04F79EFBC}") = "ConsoleCompareLeftAndRight", "ConsoleCompareLeftAndRight\ConsoleCompareLeftAndRight.csproj", "{5B64CFB8-AF0A-485A-86F7-C5DAA337496B}"
EndProject
Global
	GlobalSection(SolutionConfigurationPlatforms) = preSolution
		Debug|Any CPU = Debug|Any CPU
		Release|Any CPU = Release|Any CPU
	EndGlobalSection
	GlobalSection(ProjectConfigurationPlatforms) = postSolution
		{26B6C7B7-745D-4F0F-B82D-2C3D7F985295}.Debug|Any CPU.ActiveCfg = Debug|Any CPU
		{26B6C7B7-745D-4F0F-B82D-2C3D7F985295}.Debug|Any CPU.Build.0 = Debug|Any CPU
		{26B6C7B7-745D-4F0F-B82D-2C3D7F985295}.Release|Any CPU.ActiveCfg = Release|Any CPU
		{26B6C7B7-745D-4F0F-B82D-2C3D7F985295}.Release|Any CPU.Build.0 = Release|Any CPU
		{B9BD0196-7FC7-4E57-B3B3-851B7A31A5ED}.Debug|Any CPU.ActiveCfg = Debug|Any CPU
		{B9BD0196-7FC7-4E57-B3B3-851B7A31A5ED}.Debug|Any CPU.Build.0 = Debug|Any CPU
		{B9BD0196-7FC7-4E57-B3B3-851B7A31A5ED}.Release|Any CPU.ActiveCfg = Release|Any CPU
		{B9BD0196-7FC7-4E57-B3B3-851B7A31A5ED}.Release|Any CPU.Build.0 = Release|Any CPU
		{5B64CFB8-AF0A-485A-86F7-C5DAA337496B}.Debug|Any CPU.ActiveCfg = Debug|Any CPU
		{5B64CFB8-AF0A-485A-86F7-C5DAA337496B}.Debug|Any CPU.Build.0 = Debug|Any CPU
		{5B64CFB8-AF0A-485A-86F7-C5DAA337496B}.Release|Any CPU.ActiveCfg = Release|Any CPU
		{5B64CFB8-AF0A-485A-86F7-C5DAA337496B}.Release|Any CPU.Build.0 = Release|Any CPU
	EndGlobalSection
	GlobalSection(SolutionProperties) = preSolution
		HideSolutionNode = FALSE
	EndGlobalSection
	GlobalSection(ExtensibilityGlobals) = postSolution
		SolutionGuid = {B4DE4652-BC70-4DC6-8FE8-038E84166EC8}
	EndGlobalSection
EndGlobal
